
Microsoft Visual Studio Solution File, Format Version 12.00
# Visual Studio Version 17
VisualStudioVersion = 17.6.33815.320
MinimumVisualStudioVersion = 10.0.40219.1
Project("{FAE04EC0-301F-11D3-BF4B-00C04F79EFBC}") = "Az204AppServiceTest", "Az204AppServiceTest\Az204AppServiceTest.csproj", "{3166F533-A83F-451E-987C-CC3B666C57B5}"
EndProject
Global
	GlobalSection(SolutionConfigurationPlatforms) = preSolution
		Debug|Any CPU = Debug|Any CPU
		Release|Any CPU = Release|Any CPU
	EndGlobalSection
	GlobalSection(ProjectConfigurationPlatforms) = postSolution
		{3166F533-A83F-451E-987C-CC3B666C57B5}.Debug|Any CPU.ActiveCfg = Debug|Any CPU
		{3166F533-A83F-451E-987C-CC3B666C57B5}.Debug|Any CPU.Build.0 = Debug|Any CPU
		{3166F533-A83F-451E-987C-CC3B666C57B5}.Release|Any CPU.ActiveCfg = Release|Any CPU
		{3166F533-A83F-451E-987C-CC3B666C57B5}.Release|Any CPU.Build.0 = Release|Any CPU
	EndGlobalSection
	GlobalSection(SolutionProperties) = preSolution
		HideSolutionNode = FALSE
	EndGlobalSection
	GlobalSection(ExtensibilityGlobals) = postSolution
		SolutionGuid = {E79EF9EB-4B05-487C-BE3A-CE08FB73D2B3}
	EndGlobalSection
EndGlobal
